
Microsoft Visual Studio Solution File, Format Version 12.00
# Visual Studio Version 16
VisualStudioVersion = 16.0.28922.388
MinimumVisualStudioVersion = 10.0.40219.1
Project("{9A19103F-16F7-4668-BE54-9A1E7A4F7556}") = "IdentityDemo", "IdentityDemo\IdentityDemo.csproj", "{864A61D5-0EED-4A7A-A949-C495B3CAB9D9}"
EndProject
Project("{9A19103F-16F7-4668-BE54-9A1E7A4F7556}") = "Claims-Baesd.Demo", "Claims-Baesd.Demo\Claims-Baesd.Demo.csproj", "{C9BB56FA-ABCB-46CE-812F-39E913746933}"
EndProject
Project("{9A19103F-16F7-4668-BE54-9A1E7A4F7556}") = "Microsoft.AspNetCore.Authentication.Basic", "Microsoft.AspNetCore.Authentication.Basic\Microsoft.AspNetCore.Authentication.Basic.csproj", "{71082792-1398-41A2-9ED6-A2F6FBCA5CD2}"
EndProject
Project("{9A19103F-16F7-4668-BE54-9A1E7A4F7556}") = "HttpBasic.Demo", "HttpBasic.Demo\HttpBasic.Demo.csproj", "{50A839E6-D418-42B8-9313-A9EE1441B15F}"
EndProject
Project("{2150E333-8FDC-42A3-9474-1A3956D46DE8}") = "HttpBasic", "HttpBasic", "{A4ABFD1B-2368-4DA5-AD54-0BF6FF03A74F}"
EndProject
Project("{9A19103F-16F7-4668-BE54-9A1E7A4F7556}") = "JWT.Demo", "JWT.Demo\JWT.Demo.csproj", "{9199C12E-DE3A-4E25-BF5A-6EAA6833EAAF}"
EndProject
Project("{2150E333-8FDC-42A3-9474-1A3956D46DE8}") = "JWT", "JWT", "{C98C317B-4017-438A-BF0B-3E6FE894542F}"
EndProject
Project("{2150E333-8FDC-42A3-9474-1A3956D46DE8}") = "JwtBearer", "JwtBearer", "{03E8CBD8-C369-4E0D-961E-E7D8E676E7B2}"
EndProject
Project("{9A19103F-16F7-4668-BE54-9A1E7A4F7556}") = "JwtBearer.IdentityProvider", "JwtBearer.IdentityProvider\JwtBearer.IdentityProvider.csproj", "{CCD041FB-87D6-4B41-A31E-A5FE899A4A2D}"
EndProject
Project("{9A19103F-16F7-4668-BE54-9A1E7A4F7556}") = "JwtBearer.API", "JwtBearer.API\JwtBearer.API.csproj", "{334A67C9-86EA-4129-AB25-9749D0877465}"
EndProject
Project("{9A19103F-16F7-4668-BE54-9A1E7A4F7556}") = "JwtBearer.Client", "JwtBearer.Client\JwtBearer.Client.csproj", "{004EB37A-6598-4506-9AD7-CB651C2CE358}"
EndProject
Project("{9A19103F-16F7-4668-BE54-9A1E7A4F7556}") = "RSAGenerater", "RSAGenerater\RSAGenerater.csproj", "{C9BFEFC2-5A5C-41C1-859F-87C34786ED74}"
EndProject
Project("{FAE04EC0-301F-11D3-BF4B-00C04F79EFBC}") = "OAuth.Demo", "OAuth.Demo\OAuth.Demo.csproj", "{F90FB9EE-020F-4510-BE26-7EC0E83DF124}"
EndProject
Global
	GlobalSection(SolutionConfigurationPlatforms) = preSolution
		Debug|Any CPU = Debug|Any CPU
		Release|Any CPU = Release|Any CPU
	EndGlobalSection
	GlobalSection(ProjectConfigurationPlatforms) = postSolution
		{864A61D5-0EED-4A7A-A949-C495B3CAB9D9}.Debug|Any CPU.ActiveCfg = Debug|Any CPU
		{864A61D5-0EED-4A7A-A949-C495B3CAB9D9}.Debug|Any CPU.Build.0 = Debug|Any CPU
		{864A61D5-0EED-4A7A-A949-C495B3CAB9D9}.Release|Any CPU.ActiveCfg = Release|Any CPU
		{864A61D5-0EED-4A7A-A949-C495B3CAB9D9}.Release|Any CPU.Build.0 = Release|Any CPU
		{C9BB56FA-ABCB-46CE-812F-39E913746933}.Debug|Any CPU.ActiveCfg = Debug|Any CPU
		{C9BB56FA-ABCB-46CE-812F-39E913746933}.Debug|Any CPU.Build.0 = Debug|Any CPU
		{C9BB56FA-ABCB-46CE-812F-39E913746933}.Release|Any CPU.ActiveCfg = Release|Any CPU
		{C9BB56FA-ABCB-46CE-812F-39E913746933}.Release|Any CPU.Build.0 = Release|Any CPU
		{71082792-1398-41A2-9ED6-A2F6FBCA5CD2}.Debug|Any CPU.ActiveCfg = Debug|Any CPU
		{71082792-1398-41A2-9ED6-A2F6FBCA5CD2}.Debug|Any CPU.Build.0 = Debug|Any CPU
		{71082792-1398-41A2-9ED6-A2F6FBCA5CD2}.Release|Any CPU.ActiveCfg = Release|Any CPU
		{71082792-1398-41A2-9ED6-A2F6FBCA5CD2}.Release|Any CPU.Build.0 = Release|Any CPU
		{50A839E6-D418-42B8-9313-A9EE1441B15F}.Debug|Any CPU.ActiveCfg = Debug|Any CPU
		{50A839E6-D418-42B8-9313-A9EE1441B15F}.Debug|Any CPU.Build.0 = Debug|Any CPU
		{50A839E6-D418-42B8-9313-A9EE1441B15F}.Release|Any CPU.ActiveCfg = Release|Any CPU
		{50A839E6-D418-42B8-9313-A9EE1441B15F}.Release|Any CPU.Build.0 = Release|Any CPU
		{9199C12E-DE3A-4E25-BF5A-6EAA6833EAAF}.Debug|Any CPU.ActiveCfg = Debug|Any CPU
		{9199C12E-DE3A-4E25-BF5A-6EAA6833EAAF}.Debug|Any CPU.Build.0 = Debug|Any CPU
		{9199C12E-DE3A-4E25-BF5A-6EAA6833EAAF}.Release|Any CPU.ActiveCfg = Release|Any CPU
		{9199C12E-DE3A-4E25-BF5A-6EAA6833EAAF}.Release|Any CPU.Build.0 = Release|Any CPU
		{CCD041FB-87D6-4B41-A31E-A5FE899A4A2D}.Debug|Any CPU.ActiveCfg = Debug|Any CPU
		{CCD041FB-87D6-4B41-A31E-A5FE899A4A2D}.Debug|Any CPU.Build.0 = Debug|Any CPU
		{CCD041FB-87D6-4B41-A31E-A5FE899A4A2D}.Release|Any CPU.ActiveCfg = Release|Any CPU
		{CCD041FB-87D6-4B41-A31E-A5FE899A4A2D}.Release|Any CPU.Build.0 = Release|Any CPU
		{334A67C9-86EA-4129-AB25-9749D0877465}.Debug|Any CPU.ActiveCfg = Debug|Any CPU
		{334A67C9-86EA-4129-AB25-9749D0877465}.Debug|Any CPU.Build.0 = Debug|Any CPU
		{334A67C9-86EA-4129-AB25-9749D0877465}.Release|Any CPU.ActiveCfg = Release|Any CPU
		{334A67C9-86EA-4129-AB25-9749D0877465}.Release|Any CPU.Build.0 = Release|Any CPU
		{004EB37A-6598-4506-9AD7-CB651C2CE358}.Debug|Any CPU.ActiveCfg = Debug|Any CPU
		{004EB37A-6598-4506-9AD7-CB651C2CE358}.Debug|Any CPU.Build.0 = Debug|Any CPU
		{004EB37A-6598-4506-9AD7-CB651C2CE358}.Release|Any CPU.ActiveCfg = Release|Any CPU
		{004EB37A-6598-4506-9AD7-CB651C2CE358}.Release|Any CPU.Build.0 = Release|Any CPU
		{C9BFEFC2-5A5C-41C1-859F-87C34786ED74}.Debug|Any CPU.ActiveCfg = Debug|Any CPU
		{C9BFEFC2-5A5C-41C1-859F-87C34786ED74}.Debug|Any CPU.Build.0 = Debug|Any CPU
		{C9BFEFC2-5A5C-41C1-859F-87C34786ED74}.Release|Any CPU.ActiveCfg = Release|Any CPU
		{C9BFEFC2-5A5C-41C1-859F-87C34786ED74}.Release|Any CPU.Build.0 = Release|Any CPU
		{F90FB9EE-020F-4510-BE26-7EC0E83DF124}.Debug|Any CPU.ActiveCfg = Debug|Any CPU
		{F90FB9EE-020F-4510-BE26-7EC0E83DF124}.Debug|Any CPU.Build.0 = Debug|Any CPU
		{F90FB9EE-020F-4510-BE26-7EC0E83DF124}.Release|Any CPU.ActiveCfg = Release|Any CPU
		{F90FB9EE-020F-4510-BE26-7EC0E83DF124}.Release|Any CPU.Build.0 = Release|Any CPU
	EndGlobalSection
	GlobalSection(SolutionProperties) = preSolution
		HideSolutionNode = FALSE
	EndGlobalSection
	GlobalSection(NestedProjects) = preSolution
		{71082792-1398-41A2-9ED6-A2F6FBCA5CD2} = {A4ABFD1B-2368-4DA5-AD54-0BF6FF03A74F}
		{50A839E6-D418-42B8-9313-A9EE1441B15F} = {A4ABFD1B-2368-4DA5-AD54-0BF6FF03A74F}
		{9199C12E-DE3A-4E25-BF5A-6EAA6833EAAF} = {C98C317B-4017-438A-BF0B-3E6FE894542F}
		{CCD041FB-87D6-4B41-A31E-A5FE899A4A2D} = {03E8CBD8-C369-4E0D-961E-E7D8E676E7B2}
		{334A67C9-86EA-4129-AB25-9749D0877465} = {03E8CBD8-C369-4E0D-961E-E7D8E676E7B2}
		{004EB37A-6598-4506-9AD7-CB651C2CE358} = {03E8CBD8-C369-4E0D-961E-E7D8E676E7B2}
	EndGlobalSection
	GlobalSection(ExtensibilityGlobals) = postSolution
		SolutionGuid = {70500D10-0B69-44CC-9283-F8708CC74982}
	EndGlobalSection
EndGlobal
