
Microsoft Visual Studio Solution File, Format Version 12.00
# Visual Studio Version 16
VisualStudioVersion = 16.0.28922.388
MinimumVisualStudioVersion = 10.0.40219.1
Project("{FAE04EC0-301F-11D3-BF4B-00C04F79EFBC}") = "IdentityDemo", "IdentityDemo\IdentityDemo.csproj", "{4F065CC6-76EA-4BA3-9A88-C4E8E8BF7EAF}"
EndProject
Global
	GlobalSection(SolutionConfigurationPlatforms) = preSolution
		Debug|Any CPU = Debug|Any CPU
		Release|Any CPU = Release|Any CPU
	EndGlobalSection
	GlobalSection(ProjectConfigurationPlatforms) = postSolution
		{4F065CC6-76EA-4BA3-9A88-C4E8E8BF7EAF}.Debug|Any CPU.ActiveCfg = Debug|Any CPU
		{4F065CC6-76EA-4BA3-9A88-C4E8E8BF7EAF}.Debug|Any CPU.Build.0 = Debug|Any CPU
		{4F065CC6-76EA-4BA3-9A88-C4E8E8BF7EAF}.Release|Any CPU.ActiveCfg = Release|Any CPU
		{4F065CC6-76EA-4BA3-9A88-C4E8E8BF7EAF}.Release|Any CPU.Build.0 = Release|Any CPU
	EndGlobalSection
	GlobalSection(SolutionProperties) = preSolution
		HideSolutionNode = FALSE
	EndGlobalSection
	GlobalSection(ExtensibilityGlobals) = postSolution
		SolutionGuid = {70500D10-0B69-44CC-9283-F8708CC74982}
	EndGlobalSection
EndGlobal
